
Microsoft Visual Studio Solution File, Format Version 12.00
# Visual Studio 14
VisualStudioVersion = 14.0.23107.0
MinimumVisualStudioVersion = 10.0.40219.1
Project("{2150E333-8FDC-42A3-9474-1A3956D46DE8}") = "Shared", "Shared", "{54E5175C-CA0E-4C60-B71B-D0DE9674F87A}"
EndProject
Project("{2150E333-8FDC-42A3-9474-1A3956D46DE8}") = "VS14", "VS14", "{5BEC4AAB-6F83-4C33-902A-0C8FFC83AF21}"
EndProject
Project("{D954291E-2A0B-460D-934E-DC6B0785DB48}") = "VscPackage", "Sources\Shared\VscPackage\VscPackage.shproj", "{2901CEF8-4F81-42B2-8C43-EC450401DC03}"
EndProject
Project("{D954291E-2A0B-460D-934E-DC6B0785DB48}") = "Foundation", "Sources\Shared\Foundation\Foundation.shproj", "{D1941403-007F-4F39-AD6B-5BB81D221164}"
EndProject
Project("{FAE04EC0-301F-11D3-BF4B-00C04F79EFBC}") = "Foundation.vs14", "Sources\VS14\Foundation.vs14\Foundation.vs14.csproj", "{A2626117-C984-4EBA-A6CC-B21B7DACAC38}"
EndProject
Project("{D954291E-2A0B-460D-934E-DC6B0785DB48}") = "Internal", "Sources\Shared\Internal\Internal.shproj", "{184B2831-08CA-492A-BD4F-DB1EC42FC6BE}"
EndProject
Project("{FAE04EC0-301F-11D3-BF4B-00C04F79EFBC}") = "VscPackage.vsix.vs14", "Sources\VS14\VscPackage.vsix.vs14\VscPackage.vsix.vs14.csproj", "{0A749AE7-E1D7-4FE7-A1E3-C018FE265023}"
EndProject
Project("{FAE04EC0-301F-11D3-BF4B-00C04F79EFBC}") = "VscPackage.vs14", "Sources\VS14\VscPackage.vs14\VscPackage.vs14.csproj", "{B88C127B-2D17-4F73-99FB-C2B68CE7431D}"
EndProject
Project("{D954291E-2A0B-460D-934E-DC6B0785DB48}") = "Features", "Sources\Shared\Features\Features.shproj", "{3AF75030-D338-4882-AFAD-AEDDD3727C2E}"
EndProject
Project("{FAE04EC0-301F-11D3-BF4B-00C04F79EFBC}") = "Features.vs14", "Sources\VS14\Features.vs14\Features.vs14.csproj", "{C97E63F9-0E9E-4910-8C2F-F40389E0D96A}"
EndProject
Project("{D954291E-2A0B-460D-934E-DC6B0785DB48}") = "Presentation", "Sources\Shared\Presentation\Presentation.shproj", "{58D50A09-0708-42E1-9140-22E2A395441B}"
EndProject
Project("{FAE04EC0-301F-11D3-BF4B-00C04F79EFBC}") = "Presentation.vs14", "Sources\VS14\Presentation.vs14\Presentation.vs14.csproj", "{C386C186-7F2A-4C93-8019-42A79D5BA18F}"
EndProject
Project("{2150E333-8FDC-42A3-9474-1A3956D46DE8}") = "Integration", "Integration", "{2D0351FA-AE97-49BD-A8FD-B4834AEB374E}"
EndProject
Project("{2150E333-8FDC-42A3-9474-1A3956D46DE8}") = "Integration", "Integration", "{C2B50FED-8A11-45B2-A08D-8F6C95B20472}"
EndProject
Project("{D954291E-2A0B-460D-934E-DC6B0785DB48}") = "Git", "Sources\Shared\Integration\Git\Git.shproj", "{9B9AF231-62FE-433E-86C0-91E159091D67}"
EndProject
Project("{FAE04EC0-301F-11D3-BF4B-00C04F79EFBC}") = "Git.vs14", "Sources\VS14\Integration\Git.vs14\Git.vs14.csproj", "{DAB3B211-FC1F-4FC7-8177-9B28EA3E9F65}"
EndProject
Project("{D954291E-2A0B-460D-934E-DC6B0785DB48}") = "Features.Infrastructure", "Sources\Shared\Features.Infrastructure\Features.Infrastructure.shproj", "{99808A53-A739-49C2-9218-7F85473BB426}"
EndProject
Project("{FAE04EC0-301F-11D3-BF4B-00C04F79EFBC}") = "Features.Infrastructure.vs14", "Sources\VS14\Features.Infrastructure.vs14\Features.Infrastructure.vs14.csproj", "{43B7DEFF-CAC6-4F26-92E0-5D3CAD22AA20}"
EndProject
Project("{D954291E-2A0B-460D-934E-DC6B0785DB48}") = "TeamFoundation", "Sources\Shared\Integration\TeamFoundation\TeamFoundation.shproj", "{F63B9F18-ECEC-4A58-ADBA-6851A12FA004}"
EndProject
Project("{FAE04EC0-301F-11D3-BF4B-00C04F79EFBC}") = "TeamFoundation.vs14", "Sources\VS14\Integration\TeamFoundationServer.vs14\TeamFoundation.vs14\TeamFoundation.vs14.csproj", "{C49BDED1-2B56-45CC-8699-2CFF14B83929}"
EndProject
Project("{D954291E-2A0B-460D-934E-DC6B0785DB48}") = "Mercurial", "Sources\Shared\Integration\Mercurial\Mercurial.shproj", "{26BC7338-53F3-4136-A981-C0F4B6D4D778}"
EndProject
Project("{FAE04EC0-301F-11D3-BF4B-00C04F79EFBC}") = "Mercurial.vs14", "Sources\VS14\Integration\Mercurial.vs14\Mercurial.vs14.csproj", "{AFFB7B1A-959A-4B43-A3D0-E29715A387C5}"
EndProject
Global
	GlobalSection(SharedMSBuildProjectFiles) = preSolution
		Sources\Shared\VscPackage\VscPackage.projitems*{2901cef8-4f81-42b2-8c43-ec450401dc03}*SharedItemsImports = 13
		Sources\Shared\Foundation\Foundation.projitems*{d1941403-007f-4f39-ad6b-5bb81d221164}*SharedItemsImports = 13
		Sources\Shared\Integration\Mercurial\Mercurial.projitems*{26bc7338-53f3-4136-a981-c0f4b6d4d778}*SharedItemsImports = 13
		Sources\Shared\Internal\Internal.projitems*{dab3b211-fc1f-4fc7-8177-9b28ea3e9f65}*SharedItemsImports = 4
		Sources\Shared\Integration\Git\Git.projitems*{dab3b211-fc1f-4fc7-8177-9b28ea3e9f65}*SharedItemsImports = 4
		Sources\Shared\Integration\TeamFoundation\TeamFoundation.projitems*{c49bded1-2b56-45cc-8699-2cff14b83929}*SharedItemsImports = 4
		Sources\Shared\Internal\Internal.projitems*{c49bded1-2b56-45cc-8699-2cff14b83929}*SharedItemsImports = 4
		Sources\Shared\Internal\Internal.projitems*{184b2831-08ca-492a-bd4f-db1ec42fc6be}*SharedItemsImports = 13
		Sources\Shared\Features.Infrastructure\Features.Infrastructure.projitems*{43b7deff-cac6-4f26-92e0-5d3cad22aa20}*SharedItemsImports = 4
		Sources\Shared\Internal\Internal.projitems*{43b7deff-cac6-4f26-92e0-5d3cad22aa20}*SharedItemsImports = 4
		Sources\Shared\Integration\Mercurial\Mercurial.projitems*{affb7b1a-959a-4b43-a3d0-e29715a387c5}*SharedItemsImports = 4
		Sources\Shared\Internal\Internal.projitems*{affb7b1a-959a-4b43-a3d0-e29715a387c5}*SharedItemsImports = 4
		Sources\Shared\Internal\Internal.projitems*{a2626117-c984-4eba-a6cc-b21b7dacac38}*SharedItemsImports = 4
		Sources\Shared\Foundation\Foundation.projitems*{a2626117-c984-4eba-a6cc-b21b7dacac38}*SharedItemsImports = 4
		Sources\Shared\Presentation\Presentation.projitems*{c386c186-7f2a-4c93-8019-42a79d5ba18f}*SharedItemsImports = 4
		Sources\Shared\Internal\Internal.projitems*{c386c186-7f2a-4c93-8019-42a79d5ba18f}*SharedItemsImports = 4
		Sources\Shared\Features\Features.projitems*{c97e63f9-0e9e-4910-8c2f-f40389e0d96a}*SharedItemsImports = 4
		Sources\Shared\Internal\Internal.projitems*{c97e63f9-0e9e-4910-8c2f-f40389e0d96a}*SharedItemsImports = 4
		Sources\Shared\Features.Infrastructure\Features.Infrastructure.projitems*{99808a53-a739-49c2-9218-7f85473bb426}*SharedItemsImports = 13
		Sources\Shared\Features\Features.projitems*{3af75030-d338-4882-afad-aeddd3727c2e}*SharedItemsImports = 13
		Sources\Shared\VscPackage\VscPackage.projitems*{b88c127b-2d17-4f73-99fb-c2b68ce7431d}*SharedItemsImports = 4
		Sources\Shared\Internal\Internal.projitems*{b88c127b-2d17-4f73-99fb-c2b68ce7431d}*SharedItemsImports = 4
		Sources\Shared\Integration\Git\Git.projitems*{9b9af231-62fe-433e-86c0-91e159091d67}*SharedItemsImports = 13
		Sources\Shared\Integration\TeamFoundation\TeamFoundation.projitems*{f63b9f18-ecec-4a58-adba-6851a12fa004}*SharedItemsImports = 13
		Sources\Shared\Presentation\Presentation.projitems*{58d50a09-0708-42e1-9140-22e2a395441b}*SharedItemsImports = 13
	EndGlobalSection
	GlobalSection(SolutionConfigurationPlatforms) = preSolution
		Debug|Any CPU = Debug|Any CPU
		Release|Any CPU = Release|Any CPU
	EndGlobalSection
	GlobalSection(ProjectConfigurationPlatforms) = postSolution
		{A2626117-C984-4EBA-A6CC-B21B7DACAC38}.Debug|Any CPU.ActiveCfg = Debug|Any CPU
		{A2626117-C984-4EBA-A6CC-B21B7DACAC38}.Debug|Any CPU.Build.0 = Debug|Any CPU
		{A2626117-C984-4EBA-A6CC-B21B7DACAC38}.Release|Any CPU.ActiveCfg = Release|Any CPU
		{A2626117-C984-4EBA-A6CC-B21B7DACAC38}.Release|Any CPU.Build.0 = Release|Any CPU
		{0A749AE7-E1D7-4FE7-A1E3-C018FE265023}.Debug|Any CPU.ActiveCfg = Debug|Any CPU
		{0A749AE7-E1D7-4FE7-A1E3-C018FE265023}.Debug|Any CPU.Build.0 = Debug|Any CPU
		{0A749AE7-E1D7-4FE7-A1E3-C018FE265023}.Release|Any CPU.ActiveCfg = Release|Any CPU
		{0A749AE7-E1D7-4FE7-A1E3-C018FE265023}.Release|Any CPU.Build.0 = Release|Any CPU
		{B88C127B-2D17-4F73-99FB-C2B68CE7431D}.Debug|Any CPU.ActiveCfg = Debug|Any CPU
		{B88C127B-2D17-4F73-99FB-C2B68CE7431D}.Debug|Any CPU.Build.0 = Debug|Any CPU
		{B88C127B-2D17-4F73-99FB-C2B68CE7431D}.Release|Any CPU.ActiveCfg = Release|Any CPU
		{B88C127B-2D17-4F73-99FB-C2B68CE7431D}.Release|Any CPU.Build.0 = Release|Any CPU
		{C97E63F9-0E9E-4910-8C2F-F40389E0D96A}.Debug|Any CPU.ActiveCfg = Debug|Any CPU
		{C97E63F9-0E9E-4910-8C2F-F40389E0D96A}.Debug|Any CPU.Build.0 = Debug|Any CPU
		{C97E63F9-0E9E-4910-8C2F-F40389E0D96A}.Release|Any CPU.ActiveCfg = Release|Any CPU
		{C97E63F9-0E9E-4910-8C2F-F40389E0D96A}.Release|Any CPU.Build.0 = Release|Any CPU
		{C386C186-7F2A-4C93-8019-42A79D5BA18F}.Debug|Any CPU.ActiveCfg = Debug|Any CPU
		{C386C186-7F2A-4C93-8019-42A79D5BA18F}.Debug|Any CPU.Build.0 = Debug|Any CPU
		{C386C186-7F2A-4C93-8019-42A79D5BA18F}.Release|Any CPU.ActiveCfg = Release|Any CPU
		{C386C186-7F2A-4C93-8019-42A79D5BA18F}.Release|Any CPU.Build.0 = Release|Any CPU
		{DAB3B211-FC1F-4FC7-8177-9B28EA3E9F65}.Debug|Any CPU.ActiveCfg = Debug|Any CPU
		{DAB3B211-FC1F-4FC7-8177-9B28EA3E9F65}.Debug|Any CPU.Build.0 = Debug|Any CPU
		{DAB3B211-FC1F-4FC7-8177-9B28EA3E9F65}.Release|Any CPU.ActiveCfg = Release|Any CPU
		{DAB3B211-FC1F-4FC7-8177-9B28EA3E9F65}.Release|Any CPU.Build.0 = Release|Any CPU
		{43B7DEFF-CAC6-4F26-92E0-5D3CAD22AA20}.Debug|Any CPU.ActiveCfg = Debug|Any CPU
		{43B7DEFF-CAC6-4F26-92E0-5D3CAD22AA20}.Debug|Any CPU.Build.0 = Debug|Any CPU
		{43B7DEFF-CAC6-4F26-92E0-5D3CAD22AA20}.Release|Any CPU.ActiveCfg = Release|Any CPU
		{43B7DEFF-CAC6-4F26-92E0-5D3CAD22AA20}.Release|Any CPU.Build.0 = Release|Any CPU
		{C49BDED1-2B56-45CC-8699-2CFF14B83929}.Debug|Any CPU.ActiveCfg = Debug|Any CPU
		{C49BDED1-2B56-45CC-8699-2CFF14B83929}.Debug|Any CPU.Build.0 = Debug|Any CPU
		{C49BDED1-2B56-45CC-8699-2CFF14B83929}.Release|Any CPU.ActiveCfg = Release|Any CPU
		{C49BDED1-2B56-45CC-8699-2CFF14B83929}.Release|Any CPU.Build.0 = Release|Any CPU
		{AFFB7B1A-959A-4B43-A3D0-E29715A387C5}.Debug|Any CPU.ActiveCfg = Debug|Any CPU
		{AFFB7B1A-959A-4B43-A3D0-E29715A387C5}.Debug|Any CPU.Build.0 = Debug|Any CPU
		{AFFB7B1A-959A-4B43-A3D0-E29715A387C5}.Release|Any CPU.ActiveCfg = Release|Any CPU
		{AFFB7B1A-959A-4B43-A3D0-E29715A387C5}.Release|Any CPU.Build.0 = Release|Any CPU
	EndGlobalSection
	GlobalSection(SolutionProperties) = preSolution
		HideSolutionNode = FALSE
	EndGlobalSection
	GlobalSection(NestedProjects) = preSolution
		{2901CEF8-4F81-42B2-8C43-EC450401DC03} = {54E5175C-CA0E-4C60-B71B-D0DE9674F87A}
		{D1941403-007F-4F39-AD6B-5BB81D221164} = {54E5175C-CA0E-4C60-B71B-D0DE9674F87A}
		{A2626117-C984-4EBA-A6CC-B21B7DACAC38} = {5BEC4AAB-6F83-4C33-902A-0C8FFC83AF21}
		{184B2831-08CA-492A-BD4F-DB1EC42FC6BE} = {54E5175C-CA0E-4C60-B71B-D0DE9674F87A}
		{0A749AE7-E1D7-4FE7-A1E3-C018FE265023} = {5BEC4AAB-6F83-4C33-902A-0C8FFC83AF21}
		{B88C127B-2D17-4F73-99FB-C2B68CE7431D} = {5BEC4AAB-6F83-4C33-902A-0C8FFC83AF21}
		{3AF75030-D338-4882-AFAD-AEDDD3727C2E} = {54E5175C-CA0E-4C60-B71B-D0DE9674F87A}
		{C97E63F9-0E9E-4910-8C2F-F40389E0D96A} = {5BEC4AAB-6F83-4C33-902A-0C8FFC83AF21}
		{58D50A09-0708-42E1-9140-22E2A395441B} = {54E5175C-CA0E-4C60-B71B-D0DE9674F87A}
		{C386C186-7F2A-4C93-8019-42A79D5BA18F} = {5BEC4AAB-6F83-4C33-902A-0C8FFC83AF21}
		{2D0351FA-AE97-49BD-A8FD-B4834AEB374E} = {54E5175C-CA0E-4C60-B71B-D0DE9674F87A}
		{C2B50FED-8A11-45B2-A08D-8F6C95B20472} = {5BEC4AAB-6F83-4C33-902A-0C8FFC83AF21}
		{9B9AF231-62FE-433E-86C0-91E159091D67} = {2D0351FA-AE97-49BD-A8FD-B4834AEB374E}
		{DAB3B211-FC1F-4FC7-8177-9B28EA3E9F65} = {C2B50FED-8A11-45B2-A08D-8F6C95B20472}
		{99808A53-A739-49C2-9218-7F85473BB426} = {54E5175C-CA0E-4C60-B71B-D0DE9674F87A}
		{43B7DEFF-CAC6-4F26-92E0-5D3CAD22AA20} = {5BEC4AAB-6F83-4C33-902A-0C8FFC83AF21}
		{F63B9F18-ECEC-4A58-ADBA-6851A12FA004} = {2D0351FA-AE97-49BD-A8FD-B4834AEB374E}
		{C49BDED1-2B56-45CC-8699-2CFF14B83929} = {C2B50FED-8A11-45B2-A08D-8F6C95B20472}
		{26BC7338-53F3-4136-A981-C0F4B6D4D778} = {2D0351FA-AE97-49BD-A8FD-B4834AEB374E}
		{AFFB7B1A-959A-4B43-A3D0-E29715A387C5} = {C2B50FED-8A11-45B2-A08D-8F6C95B20472}
	EndGlobalSection
EndGlobal
